
Microsoft Visual Studio Solution File, Format Version 12.00
# Visual Studio Version 16
VisualStudioVersion = 16.0.30709.64
MinimumVisualStudioVersion = 10.0.40219.1
Project("{FAE04EC0-301F-11D3-BF4B-00C04F79EFBC}") = "PlainServer", "PlainServer\PlainServer.csproj", "{67B89EA0-D590-4BE5-92C1-3B3D84D27F7F}"
EndProject
Global
	GlobalSection(SolutionConfigurationPlatforms) = preSolution
		Debug|Any CPU = Debug|Any CPU
		Release|Any CPU = Release|Any CPU
	EndGlobalSection
	GlobalSection(ProjectConfigurationPlatforms) = postSolution
		{67B89EA0-D590-4BE5-92C1-3B3D84D27F7F}.Debug|Any CPU.ActiveCfg = Debug|Any CPU
		{67B89EA0-D590-4BE5-92C1-3B3D84D27F7F}.Debug|Any CPU.Build.0 = Debug|Any CPU
		{67B89EA0-D590-4BE5-92C1-3B3D84D27F7F}.Release|Any CPU.ActiveCfg = Release|Any CPU
		{67B89EA0-D590-4BE5-92C1-3B3D84D27F7F}.Release|Any CPU.Build.0 = Release|Any CPU
	EndGlobalSection
	GlobalSection(SolutionProperties) = preSolution
		HideSolutionNode = FALSE
	EndGlobalSection
	GlobalSection(ExtensibilityGlobals) = postSolution
		SolutionGuid = {A42C5DF2-39B1-4E7F-A9F2-647B1A9271C4}
	EndGlobalSection
EndGlobal
